
Microsoft Visual Studio Solution File, Format Version 12.00
# Visual Studio Version 17
VisualStudioVersion = 17.12.35707.178 d17.12
MinimumVisualStudioVersion = 10.0.40219.1
Project("{FAE04EC0-301F-11D3-BF4B-00C04F79EFBC}") = "BankingSystem", "BankingSystem.csproj", "{97F3D51A-5A5E-4B04-ACE0-49DCF0E597FF}"
	ProjectSection(ProjectDependencies) = postProject
		{8504CBF4-31A5-4D38-A063-B064503AA591} = {8504CBF4-31A5-4D38-A063-B064503AA591}
	EndProjectSection
EndProject
Project("{FAE04EC0-301F-11D3-BF4B-00C04F79EFBC}") = "BankingService", "..\BankingService\BankingService.csproj", "{8504CBF4-31A5-4D38-A063-B064503AA591}"
EndProject
Global
	GlobalSection(SolutionConfigurationPlatforms) = preSolution
		Debug|Any CPU = Debug|Any CPU
		Release|Any CPU = Release|Any CPU
	EndGlobalSection
	GlobalSection(ProjectConfigurationPlatforms) = postSolution
		{97F3D51A-5A5E-4B04-ACE0-49DCF0E597FF}.Debug|Any CPU.ActiveCfg = Debug|Any CPU
		{97F3D51A-5A5E-4B04-ACE0-49DCF0E597FF}.Debug|Any CPU.Build.0 = Debug|Any CPU
		{97F3D51A-5A5E-4B04-ACE0-49DCF0E597FF}.Release|Any CPU.ActiveCfg = Release|Any CPU
		{97F3D51A-5A5E-4B04-ACE0-49DCF0E597FF}.Release|Any CPU.Build.0 = Release|Any CPU
		{8504CBF4-31A5-4D38-A063-B064503AA591}.Debug|Any CPU.ActiveCfg = Debug|Any CPU
		{8504CBF4-31A5-4D38-A063-B064503AA591}.Debug|Any CPU.Build.0 = Debug|Any CPU
		{8504CBF4-31A5-4D38-A063-B064503AA591}.Release|Any CPU.ActiveCfg = Release|Any CPU
		{8504CBF4-31A5-4D38-A063-B064503AA591}.Release|Any CPU.Build.0 = Release|Any CPU
	EndGlobalSection
	GlobalSection(SolutionProperties) = preSolution
		HideSolutionNode = FALSE
	EndGlobalSection
EndGlobal
